
Microsoft Visual Studio Solution File, Format Version 12.00
# Visual Studio Version 17
VisualStudioVersion = 17.0.32112.339
MinimumVisualStudioVersion = 10.0.40219.1
Project("{FAE04EC0-301F-11D3-BF4B-00C04F79EFBC}") = "OrientacaoObjeto6.ConsoleApp", "OrientacaoObjeto6.ConsoleApp\OrientacaoObjeto6.ConsoleApp.csproj", "{9A281356-65BB-4D72-B1A3-4293F82C48E9}"
EndProject
Global
	GlobalSection(SolutionConfigurationPlatforms) = preSolution
		Debug|Any CPU = Debug|Any CPU
		Release|Any CPU = Release|Any CPU
	EndGlobalSection
	GlobalSection(ProjectConfigurationPlatforms) = postSolution
		{9A281356-65BB-4D72-B1A3-4293F82C48E9}.Debug|Any CPU.ActiveCfg = Debug|Any CPU
		{9A281356-65BB-4D72-B1A3-4293F82C48E9}.Debug|Any CPU.Build.0 = Debug|Any CPU
		{9A281356-65BB-4D72-B1A3-4293F82C48E9}.Release|Any CPU.ActiveCfg = Release|Any CPU
		{9A281356-65BB-4D72-B1A3-4293F82C48E9}.Release|Any CPU.Build.0 = Release|Any CPU
	EndGlobalSection
	GlobalSection(SolutionProperties) = preSolution
		HideSolutionNode = FALSE
	EndGlobalSection
	GlobalSection(ExtensibilityGlobals) = postSolution
		SolutionGuid = {3BA28AB8-9F16-4846-8DBE-64715EFCC7B1}
	EndGlobalSection
EndGlobal
